
Microsoft Visual Studio Solution File, Format Version 12.00
# Visual Studio 14
VisualStudioVersion = 14.0.25420.1
MinimumVisualStudioVersion = 10.0.40219.1
Project("{FAE04EC0-301F-11D3-BF4B-00C04F79EFBC}") = "PdmProStandalone", "PdmProApiExamples\PdmProStandalone.csproj", "{AF6A5C47-82DE-42BE-BECB-E69018D5F970}"
EndProject
Project("{2150E333-8FDC-42A3-9474-1A3956D46DE8}") = "Docs", "Docs", "{12FCF002-2B61-4A49-8878-739375AA70C7}"
	ProjectSection(SolutionItems) = preProject
		LICENSE = LICENSE
		README.md = README.md
	EndProjectSection
EndProject
Project("{FAE04EC0-301F-11D3-BF4B-00C04F79EFBC}") = "PdmProAddIn", "PdmProAddIn\PdmProAddIn.csproj", "{595A897C-20E3-4666-8674-A88ABB8EDBA2}"
EndProject
Project("{FAE04EC0-301F-11D3-BF4B-00C04F79EFBC}") = "PdmProAddIn.Test", "PdmProAddIn.Test\PdmProAddIn.Test.csproj", "{75D76C9C-40A1-4234-9648-C03B86329A92}"
EndProject
Global
	GlobalSection(SolutionConfigurationPlatforms) = preSolution
		Debug|Any CPU = Debug|Any CPU
		Release|Any CPU = Release|Any CPU
	EndGlobalSection
	GlobalSection(ProjectConfigurationPlatforms) = postSolution
		{AF6A5C47-82DE-42BE-BECB-E69018D5F970}.Debug|Any CPU.ActiveCfg = Debug|Any CPU
		{AF6A5C47-82DE-42BE-BECB-E69018D5F970}.Debug|Any CPU.Build.0 = Debug|Any CPU
		{AF6A5C47-82DE-42BE-BECB-E69018D5F970}.Release|Any CPU.ActiveCfg = Release|Any CPU
		{AF6A5C47-82DE-42BE-BECB-E69018D5F970}.Release|Any CPU.Build.0 = Release|Any CPU
		{595A897C-20E3-4666-8674-A88ABB8EDBA2}.Debug|Any CPU.ActiveCfg = Debug|Any CPU
		{595A897C-20E3-4666-8674-A88ABB8EDBA2}.Debug|Any CPU.Build.0 = Debug|Any CPU
		{595A897C-20E3-4666-8674-A88ABB8EDBA2}.Release|Any CPU.ActiveCfg = Release|Any CPU
		{595A897C-20E3-4666-8674-A88ABB8EDBA2}.Release|Any CPU.Build.0 = Release|Any CPU
		{75D76C9C-40A1-4234-9648-C03B86329A92}.Debug|Any CPU.ActiveCfg = Debug|Any CPU
		{75D76C9C-40A1-4234-9648-C03B86329A92}.Debug|Any CPU.Build.0 = Debug|Any CPU
		{75D76C9C-40A1-4234-9648-C03B86329A92}.Release|Any CPU.ActiveCfg = Release|Any CPU
		{75D76C9C-40A1-4234-9648-C03B86329A92}.Release|Any CPU.Build.0 = Release|Any CPU
	EndGlobalSection
	GlobalSection(SolutionProperties) = preSolution
		HideSolutionNode = FALSE
	EndGlobalSection
EndGlobal
